<?xml version="1.0" encoding="utf-8"?>
<Project ToolsVersion="4.0" xmlns="http://schemas.microsoft.com/developer/msbuild/2003">
  <ItemGroup>
    <Filter Include="Nudo">
      <UniqueIdentifier>{1BD4897C-070B-8B0D-B0F7-70109C0D070F}</UniqueIdentifier>
    </Filter>
    <Filter Include="Nudo\Events">
      <UniqueIdentifier>{9F731A23-0B29-9318-941D-8DEF00D2891C}</UniqueIdentifier>
    </Filter>
  </ItemGroup>
  <ItemGroup>
    <ClInclude Include="src\Nudo.h" />
    <ClInclude Include="src\Nudo\Application.h">
      <Filter>Nudo</Filter>
    </ClInclude>
    <ClInclude Include="src\Nudo\Core.h">
      <Filter>Nudo</Filter>
    </ClInclude>
    <ClInclude Include="src\Nudo\EntryPoint.h">
      <Filter>Nudo</Filter>
    </ClInclude>
    <ClInclude Include="src\Nudo\Events\ApplicationEvent.h">
      <Filter>Nudo\Events</Filter>
    </ClInclude>
    <ClInclude Include="src\Nudo\Events\Event.h">
      <Filter>Nudo\Events</Filter>
    </ClInclude>
    <ClInclude Include="src\Nudo\Events\KeyEvent.h">
      <Filter>Nudo\Events</Filter>
    </ClInclude>
    <ClInclude Include="src\Nudo\Events\MouseEvent.h">
      <Filter>Nudo\Events</Filter>
    </ClInclude>
    <ClInclude Include="src\Nudo\Log.h">
      <Filter>Nudo</Filter>
    </ClInclude>
    <ClInclude Include="src\ndpch.h" />
  </ItemGroup>
  <ItemGroup>
    <ClCompile Include="src\Nudo\Application.cpp">
      <Filter>Nudo</Filter>
    </ClCompile>
    <ClCompile Include="src\Nudo\Log.cpp">
      <Filter>Nudo</Filter>
    </ClCompile>
    <ClCompile Include="src\ndpch.cpp" />
  </ItemGroup>
</Project>